// !$*UTF8*$!
{
	archiveVersion = 1;
	classes = {
	};
	objectVersion = 50;
	objects = {

/* Begin PBXBuildFile section */
		979D78CF2597929F00DF81B9 /* soccerPyApp.swift in Sources */ = {isa = PBXBuildFile; fileRef = 979D78BC2597929E00DF81B9 /* soccerPyApp.swift */; };
		979D78D02597929F00DF81B9 /* soccerPyApp.swift in Sources */ = {isa = PBXBuildFile; fileRef = 979D78BC2597929E00DF81B9 /* soccerPyApp.swift */; };
		979D78D12597929F00DF81B9 /* ContentView.swift in Sources */ = {isa = PBXBuildFile; fileRef = 979D78BD2597929E00DF81B9 /* ContentView.swift */; };
		979D78D22597929F00DF81B9 /* ContentView.swift in Sources */ = {isa = PBXBuildFile; fileRef = 979D78BD2597929E00DF81B9 /* ContentView.swift */; };
		979D78D32597929F00DF81B9 /* Assets.xcassets in Resources */ = {isa = PBXBuildFile; fileRef = 979D78BE2597929F00DF81B9 /* Assets.xcassets */; };
		979D78D42597929F00DF81B9 /* Assets.xcassets in Resources */ = {isa = PBXBuildFile; fileRef = 979D78BE2597929F00DF81B9 /* Assets.xcassets */; };
		979D78E02597DA4C00DF81B9 /* arsenalImage.swift in Sources */ = {isa = PBXBuildFile; fileRef = 979D78DF2597DA4C00DF81B9 /* arsenalImage.swift */; };
		979D78E12597DA4C00DF81B9 /* arsenalImage.swift in Sources */ = {isa = PBXBuildFile; fileRef = 979D78DF2597DA4C00DF81B9 /* arsenalImage.swift */; };
		979D78E52598209C00DF81B9 /* teams.swift in Sources */ = {isa = PBXBuildFile; fileRef = 979D78E42598209C00DF81B9 /* teams.swift */; };
		979D78E62598209C00DF81B9 /* teams.swift in Sources */ = {isa = PBXBuildFile; fileRef = 979D78E42598209C00DF81B9 /* teams.swift */; };
		979D78EC25982E4000DF81B9 /* TeamRow.swift in Sources */ = {isa = PBXBuildFile; fileRef = 979D78EB25982E4000DF81B9 /* TeamRow.swift */; };
		979D78ED25982E4000DF81B9 /* TeamRow.swift in Sources */ = {isa = PBXBuildFile; fileRef = 979D78EB25982E4000DF81B9 /* TeamRow.swift */; };
		979D78F325983E5800DF81B9 /* teamData.json in Resources */ = {isa = PBXBuildFile; fileRef = 979D78F225983E5800DF81B9 /* teamData.json */; };
		979D78F425983E5800DF81B9 /* teamData.json in Resources */ = {isa = PBXBuildFile; fileRef = 979D78F225983E5800DF81B9 /* teamData.json */; };
		979D78F82598D01F00DF81B9 /* ModelData.swift in Sources */ = {isa = PBXBuildFile; fileRef = 979D78F72598D01F00DF81B9 /* ModelData.swift */; };
		979D78F92598D01F00DF81B9 /* ModelData.swift in Sources */ = {isa = PBXBuildFile; fileRef = 979D78F72598D01F00DF81B9 /* ModelData.swift */; };
		979D78FD259900E800DF81B9 /* TeamList.swift in Sources */ = {isa = PBXBuildFile; fileRef = 979D78FC259900E800DF81B9 /* TeamList.swift */; };
		979D78FE259900E800DF81B9 /* TeamList.swift in Sources */ = {isa = PBXBuildFile; fileRef = 979D78FC259900E800DF81B9 /* TeamList.swift */; };
/* End PBXBuildFile section */

/* Begin PBXFileReference section */
		979D78BC2597929E00DF81B9 /* soccerPyApp.swift */ = {isa = PBXFileReference; lastKnownFileType = sourcecode.swift; path = soccerPyApp.swift; sourceTree = "<group>"; };
		979D78BD2597929E00DF81B9 /* ContentView.swift */ = {isa = PBXFileReference; lastKnownFileType = sourcecode.swift; path = ContentView.swift; sourceTree = "<group>"; };
		979D78BE2597929F00DF81B9 /* Assets.xcassets */ = {isa = PBXFileReference; lastKnownFileType = folder.assetcatalog; path = Assets.xcassets; sourceTree = "<group>"; };
		979D78C32597929F00DF81B9 /* soccerPy.app */ = {isa = PBXFileReference; explicitFileType = wrapper.application; includeInIndex = 0; path = soccerPy.app; sourceTree = BUILT_PRODUCTS_DIR; };
		979D78C62597929F00DF81B9 /* Info.plist */ = {isa = PBXFileReference; lastKnownFileType = text.plist.xml; path = Info.plist; sourceTree = "<group>"; };
		979D78CB2597929F00DF81B9 /* soccerPy.app */ = {isa = PBXFileReference; explicitFileType = wrapper.application; includeInIndex = 0; path = soccerPy.app; sourceTree = BUILT_PRODUCTS_DIR; };
		979D78CD2597929F00DF81B9 /* Info.plist */ = {isa = PBXFileReference; lastKnownFileType = text.plist.xml; path = Info.plist; sourceTree = "<group>"; };
		979D78CE2597929F00DF81B9 /* macOS.entitlements */ = {isa = PBXFileReference; lastKnownFileType = text.plist.entitlements; path = macOS.entitlements; sourceTree = "<group>"; };
		979D78DF2597DA4C00DF81B9 /* arsenalImage.swift */ = {isa = PBXFileReference; lastKnownFileType = sourcecode.swift; path = arsenalImage.swift; sourceTree = "<group>"; };
		979D78E42598209C00DF81B9 /* teams.swift */ = {isa = PBXFileReference; lastKnownFileType = sourcecode.swift; path = teams.swift; sourceTree = "<group>"; };
		979D78EB25982E4000DF81B9 /* TeamRow.swift */ = {isa = PBXFileReference; lastKnownFileType = sourcecode.swift; path = TeamRow.swift; sourceTree = "<group>"; };
		979D78F225983E5800DF81B9 /* teamData.json */ = {isa = PBXFileReference; lastKnownFileType = text.json; path = teamData.json; sourceTree = "<group>"; };
		979D78F72598D01F00DF81B9 /* ModelData.swift */ = {isa = PBXFileReference; lastKnownFileType = sourcecode.swift; path = ModelData.swift; sourceTree = "<group>"; };
		979D78FC259900E800DF81B9 /* TeamList.swift */ = {isa = PBXFileReference; lastKnownFileType = sourcecode.swift; path = TeamList.swift; sourceTree = "<group>"; };
/* End PBXFileReference section */

/* Begin PBXFrameworksBuildPhase section */
		979D78C02597929F00DF81B9 /* Frameworks */ = {
			isa = PBXFrameworksBuildPhase;
			buildActionMask = 2147483647;
			files = (
			);
			runOnlyForDeploymentPostprocessing = 0;
		};
		979D78C82597929F00DF81B9 /* Frameworks */ = {
			isa = PBXFrameworksBuildPhase;
			buildActionMask = 2147483647;
			files = (
			);
			runOnlyForDeploymentPostprocessing = 0;
		};
/* End PBXFrameworksBuildPhase section */

/* Begin PBXGroup section */
		979D78B62597929D00DF81B9 = {
			isa = PBXGroup;
			children = (
				979D78EA2598270800DF81B9 /* Model */,
				979D78E9259826FD00DF81B9 /* Views */,
				979D78BB2597929E00DF81B9 /* Shared */,
				979D78C52597929F00DF81B9 /* iOS */,
				979D78CC2597929F00DF81B9 /* macOS */,
				979D78C42597929F00DF81B9 /* Products */,
			);
			sourceTree = "<group>";
		};
		979D78BB2597929E00DF81B9 /* Shared */ = {
			isa = PBXGroup;
			children = (
				979D78BE2597929F00DF81B9 /* Assets.xcassets */,
			);
			path = Shared;
			sourceTree = "<group>";
		};
		979D78C42597929F00DF81B9 /* Products */ = {
			isa = PBXGroup;
			children = (
				979D78C32597929F00DF81B9 /* soccerPy.app */,
				979D78CB2597929F00DF81B9 /* soccerPy.app */,
			);
			name = Products;
			sourceTree = "<group>";
		};
		979D78C52597929F00DF81B9 /* iOS */ = {
			isa = PBXGroup;
			children = (
				979D78C62597929F00DF81B9 /* Info.plist */,
			);
			path = iOS;
			sourceTree = "<group>";
		};
		979D78CC2597929F00DF81B9 /* macOS */ = {
			isa = PBXGroup;
			children = (
				979D78CD2597929F00DF81B9 /* Info.plist */,
				979D78CE2597929F00DF81B9 /* macOS.entitlements */,
			);
			path = macOS;
			sourceTree = "<group>";
		};
		979D78E9259826FD00DF81B9 /* Views */ = {
			isa = PBXGroup;
			children = (
				979D78BD2597929E00DF81B9 /* ContentView.swift */,
				979D78DF2597DA4C00DF81B9 /* arsenalImage.swift */,
				979D78BC2597929E00DF81B9 /* soccerPyApp.swift */,
				979D78EB25982E4000DF81B9 /* TeamRow.swift */,
				979D78FC259900E800DF81B9 /* TeamList.swift */,
			);
			path = Views;
			sourceTree = "<group>";
		};
		979D78EA2598270800DF81B9 /* Model */ = {
			isa = PBXGroup;
			children = (
				979D78E42598209C00DF81B9 /* teams.swift */,
				979D78F225983E5800DF81B9 /* teamData.json */,
				979D78F72598D01F00DF81B9 /* ModelData.swift */,
			);
			path = Model;
			sourceTree = "<group>";
		};
/* End PBXGroup section */

/* Begin PBXNativeTarget section */
		979D78C22597929F00DF81B9 /* soccerPy (iOS) */ = {
			isa = PBXNativeTarget;
			buildConfigurationList = 979D78D72597929F00DF81B9 /* Build configuration list for PBXNativeTarget "soccerPy (iOS)" */;
			buildPhases = (
				979D78BF2597929F00DF81B9 /* Sources */,
				979D78C02597929F00DF81B9 /* Frameworks */,
				979D78C12597929F00DF81B9 /* Resources */,
			);
			buildRules = (
			);
			dependencies = (
			);
			name = "soccerPy (iOS)";
			productName = "soccerPy (iOS)";
			productReference = 979D78C32597929F00DF81B9 /* soccerPy.app */;
			productType = "com.apple.product-type.application";
		};
		979D78CA2597929F00DF81B9 /* soccerPy (macOS) */ = {
			isa = PBXNativeTarget;
			buildConfigurationList = 979D78DA2597929F00DF81B9 /* Build configuration list for PBXNativeTarget "soccerPy (macOS)" */;
			buildPhases = (
				979D78C72597929F00DF81B9 /* Sources */,
				979D78C82597929F00DF81B9 /* Frameworks */,
				979D78C92597929F00DF81B9 /* Resources */,
			);
			buildRules = (
			);
			dependencies = (
			);
			name = "soccerPy (macOS)";
			productName = "soccerPy (macOS)";
			productReference = 979D78CB2597929F00DF81B9 /* soccerPy.app */;
			productType = "com.apple.product-type.application";
		};
/* End PBXNativeTarget section */

/* Begin PBXProject section */
		979D78B72597929D00DF81B9 /* Project object */ = {
			isa = PBXProject;
			attributes = {
				LastSwiftUpdateCheck = 1230;
				LastUpgradeCheck = 1230;
				TargetAttributes = {
					979D78C22597929F00DF81B9 = {
						CreatedOnToolsVersion = 12.3;
					};
					979D78CA2597929F00DF81B9 = {
						CreatedOnToolsVersion = 12.3;
					};
				};
			};
			buildConfigurationList = 979D78BA2597929D00DF81B9 /* Build configuration list for PBXProject "soccerPy" */;
			compatibilityVersion = "Xcode 9.3";
			developmentRegion = en;
			hasScannedForEncodings = 0;
			knownRegions = (
				en,
				Base,
			);
			mainGroup = 979D78B62597929D00DF81B9;
			productRefGroup = 979D78C42597929F00DF81B9 /* Products */;
			projectDirPath = "";
			projectRoot = "";
			targets = (
				979D78C22597929F00DF81B9 /* soccerPy (iOS) */,
				979D78CA2597929F00DF81B9 /* soccerPy (macOS) */,
			);
		};
/* End PBXProject section */

/* Begin PBXResourcesBuildPhase section */
		979D78C12597929F00DF81B9 /* Resources */ = {
			isa = PBXResourcesBuildPhase;
			buildActionMask = 2147483647;
			files = (
				979D78F325983E5800DF81B9 /* teamData.json in Resources */,
				979D78D32597929F00DF81B9 /* Assets.xcassets in Resources */,
			);
			runOnlyForDeploymentPostprocessing = 0;
		};
		979D78C92597929F00DF81B9 /* Resources */ = {
			isa = PBXResourcesBuildPhase;
			buildActionMask = 2147483647;
			files = (
				979D78F425983E5800DF81B9 /* teamData.json in Resources */,
				979D78D42597929F00DF81B9 /* Assets.xcassets in Resources */,
			);
			runOnlyForDeploymentPostprocessing = 0;
		};
/* End PBXResourcesBuildPhase section */

/* Begin PBXSourcesBuildPhase section */
		979D78BF2597929F00DF81B9 /* Sources */ = {
			isa = PBXSourcesBuildPhase;
			buildActionMask = 2147483647;
			files = (
				979D78E52598209C00DF81B9 /* teams.swift in Sources */,
				979D78D12597929F00DF81B9 /* ContentView.swift in Sources */,
				979D78CF2597929F00DF81B9 /* soccerPyApp.swift in Sources */,
				979D78EC25982E4000DF81B9 /* TeamRow.swift in Sources */,
				979D78FD259900E800DF81B9 /* TeamList.swift in Sources */,
				979D78E02597DA4C00DF81B9 /* arsenalImage.swift in Sources */,
				979D78F82598D01F00DF81B9 /* ModelData.swift in Sources */,
			);
			runOnlyForDeploymentPostprocessing = 0;
		};
		979D78C72597929F00DF81B9 /* Sources */ = {
			isa = PBXSourcesBuildPhase;
			buildActionMask = 2147483647;
			files = (
				979D78E62598209C00DF81B9 /* teams.swift in Sources */,
				979D78D22597929F00DF81B9 /* ContentView.swift in Sources */,
				979D78D02597929F00DF81B9 /* soccerPyApp.swift in Sources */,
				979D78ED25982E4000DF81B9 /* TeamRow.swift in Sources */,
				979D78FE259900E800DF81B9 /* TeamList.swift in Sources */,
				979D78E12597DA4C00DF81B9 /* arsenalImage.swift in Sources */,
				979D78F92598D01F00DF81B9 /* ModelData.swift in Sources */,
			);
			runOnlyForDeploymentPostprocessing = 0;
		};
/* End PBXSourcesBuildPhase section */

/* Begin XCBuildConfiguration section */
		979D78D52597929F00DF81B9 /* Debug */ = {
			isa = XCBuildConfiguration;
			buildSettings = {
				ALWAYS_SEARCH_USER_PATHS = NO;
				CLANG_ANALYZER_NONNULL = YES;
				CLANG_ANALYZER_NUMBER_OBJECT_CONVERSION = YES_AGGRESSIVE;
				CLANG_CXX_LANGUAGE_STANDARD = "gnu++14";
				CLANG_CXX_LIBRARY = "libc++";
				CLANG_ENABLE_MODULES = YES;
				CLANG_ENABLE_OBJC_ARC = YES;
				CLANG_ENABLE_OBJC_WEAK = YES;
				CLANG_WARN_BLOCK_CAPTURE_AUTORELEASING = YES;
				CLANG_WARN_BOOL_CONVERSION = YES;
				CLANG_WARN_COMMA = YES;
				CLANG_WARN_CONSTANT_CONVERSION = YES;
				CLANG_WARN_DEPRECATED_OBJC_IMPLEMENTATIONS = YES;
				CLANG_WARN_DIRECT_OBJC_ISA_USAGE = YES_ERROR;
				CLANG_WARN_DOCUMENTATION_COMMENTS = YES;
				CLANG_WARN_EMPTY_BODY = YES;
				CLANG_WARN_ENUM_CONVERSION = YES;
				CLANG_WARN_INFINITE_RECURSION = YES;
				CLANG_WARN_INT_CONVERSION = YES;
				CLANG_WARN_NON_LITERAL_NULL_CONVERSION = YES;
				CLANG_WARN_OBJC_IMPLICIT_RETAIN_SELF = YES;
				CLANG_WARN_OBJC_LITERAL_CONVERSION = YES;
				CLANG_WARN_OBJC_ROOT_CLASS = YES_ERROR;
				CLANG_WARN_QUOTED_INCLUDE_IN_FRAMEWORK_HEADER = YES;
				CLANG_WARN_RANGE_LOOP_ANALYSIS = YES;
				CLANG_WARN_STRICT_PROTOTYPES = YES;
				CLANG_WARN_SUSPICIOUS_MOVE = YES;
				CLANG_WARN_UNGUARDED_AVAILABILITY = YES_AGGRESSIVE;
				CLANG_WARN_UNREACHABLE_CODE = YES;
				CLANG_WARN__DUPLICATE_METHOD_MATCH = YES;
				COPY_PHASE_STRIP = NO;
				DEBUG_INFORMATION_FORMAT = dwarf;
				ENABLE_STRICT_OBJC_MSGSEND = YES;
				ENABLE_TESTABILITY = YES;
				GCC_C_LANGUAGE_STANDARD = gnu11;
				GCC_DYNAMIC_NO_PIC = NO;
				GCC_NO_COMMON_BLOCKS = YES;
				GCC_OPTIMIZATION_LEVEL = 0;
				GCC_PREPROCESSOR_DEFINITIONS = (
					"DEBUG=1",
					"$(inherited)",
				);
				GCC_WARN_64_TO_32_BIT_CONVERSION = YES;
				GCC_WARN_ABOUT_RETURN_TYPE = YES_ERROR;
				GCC_WARN_UNDECLARED_SELECTOR = YES;
				GCC_WARN_UNINITIALIZED_AUTOS = YES_AGGRESSIVE;
				GCC_WARN_UNUSED_FUNCTION = YES;
				GCC_WARN_UNUSED_VARIABLE = YES;
				MTL_ENABLE_DEBUG_INFO = INCLUDE_SOURCE;
				MTL_FAST_MATH = YES;
				ONLY_ACTIVE_ARCH = YES;
				SWIFT_ACTIVE_COMPILATION_CONDITIONS = DEBUG;
				SWIFT_OPTIMIZATION_LEVEL = "-Onone";
			};
			name = Debug;
		};
		979D78D62597929F00DF81B9 /* Release */ = {
			isa = XCBuildConfiguration;
			buildSettings = {
				ALWAYS_SEARCH_USER_PATHS = NO;
				CLANG_ANALYZER_NONNULL = YES;
				CLANG_ANALYZER_NUMBER_OBJECT_CONVERSION = YES_AGGRESSIVE;
				CLANG_CXX_LANGUAGE_STANDARD = "gnu++14";
				CLANG_CXX_LIBRARY = "libc++";
				CLANG_ENABLE_MODULES = YES;
				CLANG_ENABLE_OBJC_ARC = YES;
				CLANG_ENABLE_OBJC_WEAK = YES;
				CLANG_WARN_BLOCK_CAPTURE_AUTORELEASING = YES;
				CLANG_WARN_BOOL_CONVERSION = YES;
				CLANG_WARN_COMMA = YES;
				CLANG_WARN_CONSTANT_CONVERSION = YES;
				CLANG_WARN_DEPRECATED_OBJC_IMPLEMENTATIONS = YES;
				CLANG_WARN_DIRECT_OBJC_ISA_USAGE = YES_ERROR;
				CLANG_WARN_DOCUMENTATION_COMMENTS = YES;
				CLANG_WARN_EMPTY_BODY = YES;
				CLANG_WARN_ENUM_CONVERSION = YES;
				CLANG_WARN_INFINITE_RECURSION = YES;
				CLANG_WARN_INT_CONVERSION = YES;
				CLANG_WARN_NON_LITERAL_NULL_CONVERSION = YES;
				CLANG_WARN_OBJC_IMPLICIT_RETAIN_SELF = YES;
				CLANG_WARN_OBJC_LITERAL_CONVERSION = YES;
				CLANG_WARN_OBJC_ROOT_CLASS = YES_ERROR;
				CLANG_WARN_QUOTED_INCLUDE_IN_FRAMEWORK_HEADER = YES;
				CLANG_WARN_RANGE_LOOP_ANALYSIS = YES;
				CLANG_WARN_STRICT_PROTOTYPES = YES;
				CLANG_WARN_SUSPICIOUS_MOVE = YES;
				CLANG_WARN_UNGUARDED_AVAILABILITY = YES_AGGRESSIVE;
				CLANG_WARN_UNREACHABLE_CODE = YES;
				CLANG_WARN__DUPLICATE_METHOD_MATCH = YES;
				COPY_PHASE_STRIP = NO;
				DEBUG_INFORMATION_FORMAT = "dwarf-with-dsym";
				ENABLE_NS_ASSERTIONS = NO;
				ENABLE_STRICT_OBJC_MSGSEND = YES;
				GCC_C_LANGUAGE_STANDARD = gnu11;
				GCC_NO_COMMON_BLOCKS = YES;
				GCC_WARN_64_TO_32_BIT_CONVERSION = YES;
				GCC_WARN_ABOUT_RETURN_TYPE = YES_ERROR;
				GCC_WARN_UNDECLARED_SELECTOR = YES;
				GCC_WARN_UNINITIALIZED_AUTOS = YES_AGGRESSIVE;
				GCC_WARN_UNUSED_FUNCTION = YES;
				GCC_WARN_UNUSED_VARIABLE = YES;
				MTL_ENABLE_DEBUG_INFO = NO;
				MTL_FAST_MATH = YES;
				SWIFT_COMPILATION_MODE = wholemodule;
				SWIFT_OPTIMIZATION_LEVEL = "-O";
			};
			name = Release;
		};
		979D78D82597929F00DF81B9 /* Debug */ = {
			isa = XCBuildConfiguration;
			buildSettings = {
				ASSETCATALOG_COMPILER_APPICON_NAME = AppIcon;
				ASSETCATALOG_COMPILER_GLOBAL_ACCENT_COLOR_NAME = AccentColor;
				CODE_SIGN_STYLE = Automatic;
				DEVELOPMENT_TEAM = M425GASW2K;
				ENABLE_PREVIEWS = YES;
				INFOPLIST_FILE = iOS/Info.plist;
				IPHONEOS_DEPLOYMENT_TARGET = 14.0;
				LD_RUNPATH_SEARCH_PATHS = (
					"$(inherited)",
					"@executable_path/Frameworks",
				);
				PRODUCT_BUNDLE_IDENTIFIER = cloudConduction.soccerPy;
				PRODUCT_NAME = soccerPy;
				SDKROOT = iphoneos;
				SWIFT_VERSION = 5.0;
				TARGETED_DEVICE_FAMILY = "1,2";
			};
			name = Debug;
		};
		979D78D92597929F00DF81B9 /* Release */ = {
			isa = XCBuildConfiguration;
			buildSettings = {
				ASSETCATALOG_COMPILER_APPICON_NAME = AppIcon;
				ASSETCATALOG_COMPILER_GLOBAL_ACCENT_COLOR_NAME = AccentColor;
				CODE_SIGN_STYLE = Automatic;
				DEVELOPMENT_TEAM = M425GASW2K;
				ENABLE_PREVIEWS = YES;
				INFOPLIST_FILE = iOS/Info.plist;
				IPHONEOS_DEPLOYMENT_TARGET = 14.0;
				LD_RUNPATH_SEARCH_PATHS = (
					"$(inherited)",
					"@executable_path/Frameworks",
				);
				PRODUCT_BUNDLE_IDENTIFIER = cloudConduction.soccerPy;
				PRODUCT_NAME = soccerPy;
				SDKROOT = iphoneos;
				SWIFT_VERSION = 5.0;
				TARGETED_DEVICE_FAMILY = "1,2";
				VALIDATE_PRODUCT = YES;
			};
			name = Release;
		};
		979D78DB2597929F00DF81B9 /* Debug */ = {
			isa = XCBuildConfiguration;
			buildSettings = {
				ASSETCATALOG_COMPILER_APPICON_NAME = AppIcon;
				ASSETCATALOG_COMPILER_GLOBAL_ACCENT_COLOR_NAME = AccentColor;
				CODE_SIGN_ENTITLEMENTS = macOS/macOS.entitlements;
				CODE_SIGN_STYLE = Automatic;
				COMBINE_HIDPI_IMAGES = YES;
				DEVELOPMENT_TEAM = M425GASW2K;
				ENABLE_HARDENED_RUNTIME = YES;
				ENABLE_PREVIEWS = YES;
				INFOPLIST_FILE = macOS/Info.plist;
				LD_RUNPATH_SEARCH_PATHS = (
					"$(inherited)",
					"@executable_path/../Frameworks",
				);
				MACOSX_DEPLOYMENT_TARGET = 11.0;
				PRODUCT_BUNDLE_IDENTIFIER = cloudConduction.soccerPy;
				PRODUCT_NAME = soccerPy;
				SDKROOT = macosx;
				SWIFT_VERSION = 5.0;
			};
			name = Debug;
		};
		979D78DC2597929F00DF81B9 /* Release */ = {
			isa = XCBuildConfiguration;
			buildSettings = {
				ASSETCATALOG_COMPILER_APPICON_NAME = AppIcon;
				ASSETCATALOG_COMPILER_GLOBAL_ACCENT_COLOR_NAME = AccentColor;
				CODE_SIGN_ENTITLEMENTS = macOS/macOS.entitlements;
				CODE_SIGN_STYLE = Automatic;
				COMBINE_HIDPI_IMAGES = YES;
				DEVELOPMENT_TEAM = M425GASW2K;
				ENABLE_HARDENED_RUNTIME = YES;
				ENABLE_PREVIEWS = YES;
				INFOPLIST_FILE = macOS/Info.plist;
				LD_RUNPATH_SEARCH_PATHS = (
					"$(inherited)",
					"@executable_path/../Frameworks",
				);
				MACOSX_DEPLOYMENT_TARGET = 11.0;
				PRODUCT_BUNDLE_IDENTIFIER = cloudConduction.soccerPy;
				PRODUCT_NAME = soccerPy;
				SDKROOT = macosx;
				SWIFT_VERSION = 5.0;
			};
			name = Release;
		};
/* End XCBuildConfiguration section */

/* Begin XCConfigurationList section */
		979D78BA2597929D00DF81B9 /* Build configuration list for PBXProject "soccerPy" */ = {
			isa = XCConfigurationList;
			buildConfigurations = (
				979D78D52597929F00DF81B9 /* Debug */,
				979D78D62597929F00DF81B9 /* Release */,
			);
			defaultConfigurationIsVisible = 0;
			defaultConfigurationName = Release;
		};
		979D78D72597929F00DF81B9 /* Build configuration list for PBXNativeTarget "soccerPy (iOS)" */ = {
			isa = XCConfigurationList;
			buildConfigurations = (
				979D78D82597929F00DF81B9 /* Debug */,
				979D78D92597929F00DF81B9 /* Release */,
			);
			defaultConfigurationIsVisible = 0;
			defaultConfigurationName = Release;
		};
		979D78DA2597929F00DF81B9 /* Build configuration list for PBXNativeTarget "soccerPy (macOS)" */ = {
			isa = XCConfigurationList;
			buildConfigurations = (
				979D78DB2597929F00DF81B9 /* Debug */,
				979D78DC2597929F00DF81B9 /* Release */,
			);
			defaultConfigurationIsVisible = 0;
			defaultConfigurationName = Release;
		};
/* End XCConfigurationList section */
	};
	rootObject = 979D78B72597929D00DF81B9 /* Project object */;
}
